// !$*UTF8*$!
{
	archiveVersion = 1;
	classes = {
	};
	objectVersion = 52;
	objects = {

/* Begin PBXBuildFile section */
		3573BF7E2476993600F20A30 /* Networking.swift in Sources */ = {isa = PBXBuildFile; fileRef = 3573BF7D2476993600F20A30 /* Networking.swift */; };
		3573BF8124769B2400F20A30 /* BrightFutures in Frameworks */ = {isa = PBXBuildFile; productRef = 3573BF8024769B2400F20A30 /* BrightFutures */; };
		3573BF8324769CEC00F20A30 /* DogListService.swift in Sources */ = {isa = PBXBuildFile; fileRef = 3573BF8224769CEC00F20A30 /* DogListService.swift */; };
		3573BF852476A44E00F20A30 /* DogListResponse.swift in Sources */ = {isa = PBXBuildFile; fileRef = 3573BF842476A44E00F20A30 /* DogListResponse.swift */; };
		3573BF872476A62B00F20A30 /* Dog+Response.swift in Sources */ = {isa = PBXBuildFile; fileRef = 3573BF862476A62B00F20A30 /* Dog+Response.swift */; };
		3573BF892476A6AD00F20A30 /* DogListError.swift in Sources */ = {isa = PBXBuildFile; fileRef = 3573BF882476A6AD00F20A30 /* DogListError.swift */; };
		3573BF8B2476BF8300F20A30 /* LifeSpanYearTests.swift in Sources */ = {isa = PBXBuildFile; fileRef = 3573BF8A2476BF8300F20A30 /* LifeSpanYearTests.swift */; };
		3573BF8D2476BF9000F20A30 /* DogListViewModelTests.swift in Sources */ = {isa = PBXBuildFile; fileRef = 3573BF8C2476BF9000F20A30 /* DogListViewModelTests.swift */; };
		3573BF902476C35C00F20A30 /* DogListActionsStub.swift in Sources */ = {isa = PBXBuildFile; fileRef = 3573BF8F2476C35C00F20A30 /* DogListActionsStub.swift */; };
		3573BF922476C37500F20A30 /* DogListViewModelDelegateSpy.swift in Sources */ = {isa = PBXBuildFile; fileRef = 3573BF912476C37500F20A30 /* DogListViewModelDelegateSpy.swift */; };
		3573BF952476C4FC00F20A30 /* DogBuilder.swift in Sources */ = {isa = PBXBuildFile; fileRef = 3573BF942476C4FC00F20A30 /* DogBuilder.swift */; };
		3573BF972476CA1900F20A30 /* UIViewController+ShowsError.swift in Sources */ = {isa = PBXBuildFile; fileRef = 3573BF962476CA1900F20A30 /* UIViewController+ShowsError.swift */; };
		3592193E24762E3A009BEFE1 /* UIImageView+ImageFetch.swift in Sources */ = {isa = PBXBuildFile; fileRef = 3592193D24762E3A009BEFE1 /* UIImageView+ImageFetch.swift */; };
		35C4BF13247605880041764E /* AppDelegate.swift in Sources */ = {isa = PBXBuildFile; fileRef = 35C4BF12247605880041764E /* AppDelegate.swift */; };
		35C4BF1C247605890041764E /* Assets.xcassets in Resources */ = {isa = PBXBuildFile; fileRef = 35C4BF1B247605890041764E /* Assets.xcassets */; };
		35C4BF1F247605890041764E /* LaunchScreen.storyboard in Resources */ = {isa = PBXBuildFile; fileRef = 35C4BF1D247605890041764E /* LaunchScreen.storyboard */; };
		35C4BF3624760E480041764E /* Kingfisher in Frameworks */ = {isa = PBXBuildFile; productRef = 35C4BF3524760E480041764E /* Kingfisher */; };
		35C4BF3924760ED30041764E /* SnapKit in Frameworks */ = {isa = PBXBuildFile; productRef = 35C4BF3824760ED30041764E /* SnapKit */; };
		35C4BF3B247614BF0041764E /* DogListViewController.swift in Sources */ = {isa = PBXBuildFile; fileRef = 35C4BF3A247614BF0041764E /* DogListViewController.swift */; };
		35C4BF3D247615660041764E /* DogListCell.swift in Sources */ = {isa = PBXBuildFile; fileRef = 35C4BF3C247615660041764E /* DogListCell.swift */; };
		35C4BF3F2476168B0041764E /* DogListViewModel.swift in Sources */ = {isa = PBXBuildFile; fileRef = 35C4BF3E2476168B0041764E /* DogListViewModel.swift */; };
		35C4BF42247617310041764E /* UITableView+CellRegistration.swift in Sources */ = {isa = PBXBuildFile; fileRef = 35C4BF41247617310041764E /* UITableView+CellRegistration.swift */; };
		35C4BF44247617520041764E /* UITableViewCell+Reuse.swift in Sources */ = {isa = PBXBuildFile; fileRef = 35C4BF43247617520041764E /* UITableViewCell+Reuse.swift */; };
		35C4BF47247617960041764E /* CGFloat+Spacing.swift in Sources */ = {isa = PBXBuildFile; fileRef = 35C4BF46247617960041764E /* CGFloat+Spacing.swift */; };
		35C4BF4A24761D9E0041764E /* Dog.swift in Sources */ = {isa = PBXBuildFile; fileRef = 35C4BF4924761D9E0041764E /* Dog.swift */; };
/* End PBXBuildFile section */

/* Begin PBXContainerItemProxy section */
		35C4BF26247605890041764E /* PBXContainerItemProxy */ = {
			isa = PBXContainerItemProxy;
			containerPortal = 35C4BF07247605880041764E /* Project object */;
			proxyType = 1;
			remoteGlobalIDString = 35C4BF0E247605880041764E;
			remoteInfo = DogList;
		};
/* End PBXContainerItemProxy section */

/* Begin PBXFileReference section */
		3573BF7D2476993600F20A30 /* Networking.swift */ = {isa = PBXFileReference; lastKnownFileType = sourcecode.swift; path = Networking.swift; sourceTree = "<group>"; };
		3573BF8224769CEC00F20A30 /* DogListService.swift */ = {isa = PBXFileReference; lastKnownFileType = sourcecode.swift; path = DogListService.swift; sourceTree = "<group>"; };
		3573BF842476A44E00F20A30 /* DogListResponse.swift */ = {isa = PBXFileReference; lastKnownFileType = sourcecode.swift; path = DogListResponse.swift; sourceTree = "<group>"; };
		3573BF862476A62B00F20A30 /* Dog+Response.swift */ = {isa = PBXFileReference; lastKnownFileType = sourcecode.swift; path = "Dog+Response.swift"; sourceTree = "<group>"; };
		3573BF882476A6AD00F20A30 /* DogListError.swift */ = {isa = PBXFileReference; lastKnownFileType = sourcecode.swift; path = DogListError.swift; sourceTree = "<group>"; };
		3573BF8A2476BF8300F20A30 /* LifeSpanYearTests.swift */ = {isa = PBXFileReference; lastKnownFileType = sourcecode.swift; path = LifeSpanYearTests.swift; sourceTree = "<group>"; };
		3573BF8C2476BF9000F20A30 /* DogListViewModelTests.swift */ = {isa = PBXFileReference; lastKnownFileType = sourcecode.swift; path = DogListViewModelTests.swift; sourceTree = "<group>"; };
		3573BF8F2476C35C00F20A30 /* DogListActionsStub.swift */ = {isa = PBXFileReference; lastKnownFileType = sourcecode.swift; path = DogListActionsStub.swift; sourceTree = "<group>"; };
		3573BF912476C37500F20A30 /* DogListViewModelDelegateSpy.swift */ = {isa = PBXFileReference; lastKnownFileType = sourcecode.swift; path = DogListViewModelDelegateSpy.swift; sourceTree = "<group>"; };
		3573BF942476C4FC00F20A30 /* DogBuilder.swift */ = {isa = PBXFileReference; lastKnownFileType = sourcecode.swift; path = DogBuilder.swift; sourceTree = "<group>"; };
		3573BF962476CA1900F20A30 /* UIViewController+ShowsError.swift */ = {isa = PBXFileReference; lastKnownFileType = sourcecode.swift; path = "UIViewController+ShowsError.swift"; sourceTree = "<group>"; };
		3573BF982476CDF100F20A30 /* README.md */ = {isa = PBXFileReference; lastKnownFileType = net.daringfireball.markdown; path = README.md; sourceTree = "<group>"; };
		3592193D24762E3A009BEFE1 /* UIImageView+ImageFetch.swift */ = {isa = PBXFileReference; lastKnownFileType = sourcecode.swift; path = "UIImageView+ImageFetch.swift"; sourceTree = "<group>"; };
		35C4BF0F247605880041764E /* DogList.app */ = {isa = PBXFileReference; explicitFileType = wrapper.application; includeInIndex = 0; path = DogList.app; sourceTree = BUILT_PRODUCTS_DIR; };
		35C4BF12247605880041764E /* AppDelegate.swift */ = {isa = PBXFileReference; lastKnownFileType = sourcecode.swift; path = AppDelegate.swift; sourceTree = "<group>"; };
		35C4BF1B247605890041764E /* Assets.xcassets */ = {isa = PBXFileReference; lastKnownFileType = folder.assetcatalog; path = Assets.xcassets; sourceTree = "<group>"; };
		35C4BF1E247605890041764E /* Base */ = {isa = PBXFileReference; lastKnownFileType = file.storyboard; name = Base; path = Base.lproj/LaunchScreen.storyboard; sourceTree = "<group>"; };
		35C4BF20247605890041764E /* Info.plist */ = {isa = PBXFileReference; lastKnownFileType = text.plist.xml; path = Info.plist; sourceTree = "<group>"; };
		35C4BF25247605890041764E /* DogListTests.xctest */ = {isa = PBXFileReference; explicitFileType = wrapper.cfbundle; includeInIndex = 0; path = DogListTests.xctest; sourceTree = BUILT_PRODUCTS_DIR; };
		35C4BF2B247605890041764E /* Info.plist */ = {isa = PBXFileReference; lastKnownFileType = text.plist.xml; path = Info.plist; sourceTree = "<group>"; };
		35C4BF3A247614BF0041764E /* DogListViewController.swift */ = {isa = PBXFileReference; lastKnownFileType = sourcecode.swift; path = DogListViewController.swift; sourceTree = "<group>"; };
		35C4BF3C247615660041764E /* DogListCell.swift */ = {isa = PBXFileReference; lastKnownFileType = sourcecode.swift; path = DogListCell.swift; sourceTree = "<group>"; };
		35C4BF3E2476168B0041764E /* DogListViewModel.swift */ = {isa = PBXFileReference; lastKnownFileType = sourcecode.swift; path = DogListViewModel.swift; sourceTree = "<group>"; };
		35C4BF41247617310041764E /* UITableView+CellRegistration.swift */ = {isa = PBXFileReference; lastKnownFileType = sourcecode.swift; path = "UITableView+CellRegistration.swift"; sourceTree = "<group>"; };
		35C4BF43247617520041764E /* UITableViewCell+Reuse.swift */ = {isa = PBXFileReference; lastKnownFileType = sourcecode.swift; path = "UITableViewCell+Reuse.swift"; sourceTree = "<group>"; };
		35C4BF46247617960041764E /* CGFloat+Spacing.swift */ = {isa = PBXFileReference; lastKnownFileType = sourcecode.swift; path = "CGFloat+Spacing.swift"; sourceTree = "<group>"; };
		35C4BF4924761D9E0041764E /* Dog.swift */ = {isa = PBXFileReference; lastKnownFileType = sourcecode.swift; path = Dog.swift; sourceTree = "<group>"; };
/* End PBXFileReference section */

/* Begin PBXFrameworksBuildPhase section */
		35C4BF0C247605880041764E /* Frameworks */ = {
			isa = PBXFrameworksBuildPhase;
			buildActionMask = 2147483647;
			files = (
				35C4BF3624760E480041764E /* Kingfisher in Frameworks */,
				3573BF8124769B2400F20A30 /* BrightFutures in Frameworks */,
				35C4BF3924760ED30041764E /* SnapKit in Frameworks */,
			);
			runOnlyForDeploymentPostprocessing = 0;
		};
		35C4BF22247605890041764E /* Frameworks */ = {
			isa = PBXFrameworksBuildPhase;
			buildActionMask = 2147483647;
			files = (
			);
			runOnlyForDeploymentPostprocessing = 0;
		};
/* End PBXFrameworksBuildPhase section */

/* Begin PBXGroup section */
		3573BF8E2476C34B00F20A30 /* Doubles */ = {
			isa = PBXGroup;
			children = (
				3573BF8F2476C35C00F20A30 /* DogListActionsStub.swift */,
				3573BF912476C37500F20A30 /* DogListViewModelDelegateSpy.swift */,
			);
			path = Doubles;
			sourceTree = "<group>";
		};
		3573BF932476C4F100F20A30 /* Builders */ = {
			isa = PBXGroup;
			children = (
				3573BF942476C4FC00F20A30 /* DogBuilder.swift */,
			);
			path = Builders;
			sourceTree = "<group>";
		};
		3592193F24764038009BEFE1 /* API */ = {
			isa = PBXGroup;
			children = (
				3573BF862476A62B00F20A30 /* Dog+Response.swift */,
				3573BF842476A44E00F20A30 /* DogListResponse.swift */,
				3573BF882476A6AD00F20A30 /* DogListError.swift */,
				3573BF8224769CEC00F20A30 /* DogListService.swift */,
				3573BF7D2476993600F20A30 /* Networking.swift */,
			);
			path = API;
			sourceTree = "<group>";
		};
		35C4BF06247605880041764E = {
			isa = PBXGroup;
			children = (
				3573BF982476CDF100F20A30 /* README.md */,
				35C4BF11247605880041764E /* DogList */,
				35C4BF28247605890041764E /* DogListTests */,
				35C4BF10247605880041764E /* Products */,
			);
			sourceTree = "<group>";
		};
		35C4BF10247605880041764E /* Products */ = {
			isa = PBXGroup;
			children = (
				35C4BF0F247605880041764E /* DogList.app */,
				35C4BF25247605890041764E /* DogListTests.xctest */,
			);
			name = Products;
			sourceTree = "<group>";
		};
		35C4BF11247605880041764E /* DogList */ = {
			isa = PBXGroup;
			children = (
				35C4BF12247605880041764E /* AppDelegate.swift */,
				3592193F24764038009BEFE1 /* API */,
				35C4BF4824761AEF0041764E /* Models */,
				35C4BF452476177E0041764E /* Extensions */,
				35C4BF402476170C0041764E /* UI */,
				35C4BF1B247605890041764E /* Assets.xcassets */,
				35C4BF1D247605890041764E /* LaunchScreen.storyboard */,
				35C4BF20247605890041764E /* Info.plist */,
			);
			path = DogList;
			sourceTree = "<group>";
		};
		35C4BF28247605890041764E /* DogListTests */ = {
			isa = PBXGroup;
			children = (
				3573BF932476C4F100F20A30 /* Builders */,
				3573BF8E2476C34B00F20A30 /* Doubles */,
				3573BF8A2476BF8300F20A30 /* LifeSpanYearTests.swift */,
				3573BF8C2476BF9000F20A30 /* DogListViewModelTests.swift */,
				35C4BF2B247605890041764E /* Info.plist */,
			);
			path = DogListTests;
			sourceTree = "<group>";
		};
		35C4BF402476170C0041764E /* UI */ = {
			isa = PBXGroup;
			children = (
				35C4BF3E2476168B0041764E /* DogListViewModel.swift */,
				35C4BF3A247614BF0041764E /* DogListViewController.swift */,
				35C4BF3C247615660041764E /* DogListCell.swift */,
			);
			path = UI;
			sourceTree = "<group>";
		};
		35C4BF452476177E0041764E /* Extensions */ = {
			isa = PBXGroup;
			children = (
				3573BF962476CA1900F20A30 /* UIViewController+ShowsError.swift */,
				3592193D24762E3A009BEFE1 /* UIImageView+ImageFetch.swift */,
				35C4BF41247617310041764E /* UITableView+CellRegistration.swift */,
				35C4BF43247617520041764E /* UITableViewCell+Reuse.swift */,
				35C4BF46247617960041764E /* CGFloat+Spacing.swift */,
			);
			path = Extensions;
			sourceTree = "<group>";
		};
		35C4BF4824761AEF0041764E /* Models */ = {
			isa = PBXGroup;
			children = (
				35C4BF4924761D9E0041764E /* Dog.swift */,
			);
			path = Models;
			sourceTree = "<group>";
		};
/* End PBXGroup section */

/* Begin PBXNativeTarget section */
		35C4BF0E247605880041764E /* DogList */ = {
			isa = PBXNativeTarget;
			buildConfigurationList = 35C4BF2E247605890041764E /* Build configuration list for PBXNativeTarget "DogList" */;
			buildPhases = (
				35C4BF0B247605880041764E /* Sources */,
				35C4BF0C247605880041764E /* Frameworks */,
				35C4BF0D247605880041764E /* Resources */,
			);
			buildRules = (
			);
			dependencies = (
			);
			name = DogList;
			packageProductDependencies = (
				35C4BF3524760E480041764E /* Kingfisher */,
				35C4BF3824760ED30041764E /* SnapKit */,
				3573BF8024769B2400F20A30 /* BrightFutures */,
			);
			productName = DogList;
			productReference = 35C4BF0F247605880041764E /* DogList.app */;
			productType = "com.apple.product-type.application";
		};
		35C4BF24247605890041764E /* DogListTests */ = {
			isa = PBXNativeTarget;
			buildConfigurationList = 35C4BF31247605890041764E /* Build configuration list for PBXNativeTarget "DogListTests" */;
			buildPhases = (
				35C4BF21247605890041764E /* Sources */,
				35C4BF22247605890041764E /* Frameworks */,
				35C4BF23247605890041764E /* Resources */,
			);
			buildRules = (
			);
			dependencies = (
				35C4BF27247605890041764E /* PBXTargetDependency */,
			);
			name = DogListTests;
			productName = DogListTests;
			productReference = 35C4BF25247605890041764E /* DogListTests.xctest */;
			productType = "com.apple.product-type.bundle.unit-test";
		};
/* End PBXNativeTarget section */

/* Begin PBXProject section */
		35C4BF07247605880041764E /* Project object */ = {
			isa = PBXProject;
			attributes = {
				LastSwiftUpdateCheck = 1140;
				LastUpgradeCheck = 1140;
				ORGANIZATIONNAME = ACartagena;
				TargetAttributes = {
					35C4BF0E247605880041764E = {
						CreatedOnToolsVersion = 11.4.1;
					};
					35C4BF24247605890041764E = {
						CreatedOnToolsVersion = 11.4.1;
						TestTargetID = 35C4BF0E247605880041764E;
					};
				};
			};
			buildConfigurationList = 35C4BF0A247605880041764E /* Build configuration list for PBXProject "DogList" */;
			compatibilityVersion = "Xcode 9.3";
			developmentRegion = en;
			hasScannedForEncodings = 0;
			knownRegions = (
				en,
				Base,
			);
			mainGroup = 35C4BF06247605880041764E;
			packageReferences = (
				35C4BF3424760E480041764E /* XCRemoteSwiftPackageReference "Kingfisher" */,
				35C4BF3724760ED30041764E /* XCRemoteSwiftPackageReference "SnapKit" */,
				3573BF7F24769B2400F20A30 /* XCRemoteSwiftPackageReference "BrightFutures" */,
			);
			productRefGroup = 35C4BF10247605880041764E /* Products */;
			projectDirPath = "";
			projectRoot = "";
			targets = (
				35C4BF0E247605880041764E /* DogList */,
				35C4BF24247605890041764E /* DogListTests */,
			);
		};
/* End PBXProject section */

/* Begin PBXResourcesBuildPhase section */
		35C4BF0D247605880041764E /* Resources */ = {
			isa = PBXResourcesBuildPhase;
			buildActionMask = 2147483647;
			files = (
				35C4BF1F247605890041764E /* LaunchScreen.storyboard in Resources */,
				35C4BF1C247605890041764E /* Assets.xcassets in Resources */,
			);
			runOnlyForDeploymentPostprocessing = 0;
		};
		35C4BF23247605890041764E /* Resources */ = {
			isa = PBXResourcesBuildPhase;
			buildActionMask = 2147483647;
			files = (
			);
			runOnlyForDeploymentPostprocessing = 0;
		};
/* End PBXResourcesBuildPhase section */

/* Begin PBXSourcesBuildPhase section */
		35C4BF0B247605880041764E /* Sources */ = {
			isa = PBXSourcesBuildPhase;
			buildActionMask = 2147483647;
			files = (
				35C4BF3B247614BF0041764E /* DogListViewController.swift in Sources */,
				3573BF7E2476993600F20A30 /* Networking.swift in Sources */,
				35C4BF47247617960041764E /* CGFloat+Spacing.swift in Sources */,
				3573BF872476A62B00F20A30 /* Dog+Response.swift in Sources */,
				35C4BF13247605880041764E /* AppDelegate.swift in Sources */,
				3573BF8324769CEC00F20A30 /* DogListService.swift in Sources */,
				3573BF852476A44E00F20A30 /* DogListResponse.swift in Sources */,
				35C4BF42247617310041764E /* UITableView+CellRegistration.swift in Sources */,
				35C4BF3D247615660041764E /* DogListCell.swift in Sources */,
				35C4BF44247617520041764E /* UITableViewCell+Reuse.swift in Sources */,
				3592193E24762E3A009BEFE1 /* UIImageView+ImageFetch.swift in Sources */,
				3573BF892476A6AD00F20A30 /* DogListError.swift in Sources */,
				35C4BF4A24761D9E0041764E /* Dog.swift in Sources */,
				35C4BF3F2476168B0041764E /* DogListViewModel.swift in Sources */,
				3573BF972476CA1900F20A30 /* UIViewController+ShowsError.swift in Sources */,
			);
			runOnlyForDeploymentPostprocessing = 0;
		};
		35C4BF21247605890041764E /* Sources */ = {
			isa = PBXSourcesBuildPhase;
			buildActionMask = 2147483647;
			files = (
				3573BF902476C35C00F20A30 /* DogListActionsStub.swift in Sources */,
				3573BF8B2476BF8300F20A30 /* LifeSpanYearTests.swift in Sources */,
				3573BF8D2476BF9000F20A30 /* DogListViewModelTests.swift in Sources */,
				3573BF922476C37500F20A30 /* DogListViewModelDelegateSpy.swift in Sources */,
				3573BF952476C4FC00F20A30 /* DogBuilder.swift in Sources */,
			);
			runOnlyForDeploymentPostprocessing = 0;
		};
/* End PBXSourcesBuildPhase section */

/* Begin PBXTargetDependency section */
		35C4BF27247605890041764E /* PBXTargetDependency */ = {
			isa = PBXTargetDependency;
			target = 35C4BF0E247605880041764E /* DogList */;
			targetProxy = 35C4BF26247605890041764E /* PBXContainerItemProxy */;
		};
/* End PBXTargetDependency section */

/* Begin PBXVariantGroup section */
		35C4BF1D247605890041764E /* LaunchScreen.storyboard */ = {
			isa = PBXVariantGroup;
			children = (
				35C4BF1E247605890041764E /* Base */,
			);
			name = LaunchScreen.storyboard;
			sourceTree = "<group>";
		};
/* End PBXVariantGroup section */

/* Begin XCBuildConfiguration section */
		35C4BF2C247605890041764E /* Debug */ = {
			isa = XCBuildConfiguration;
			buildSettings = {
				ALWAYS_SEARCH_USER_PATHS = NO;
				CLANG_ANALYZER_NONNULL = YES;
				CLANG_ANALYZER_NUMBER_OBJECT_CONVERSION = YES_AGGRESSIVE;
				CLANG_CXX_LANGUAGE_STANDARD = "gnu++14";
				CLANG_CXX_LIBRARY = "libc++";
				CLANG_ENABLE_MODULES = YES;
				CLANG_ENABLE_OBJC_ARC = YES;
				CLANG_ENABLE_OBJC_WEAK = YES;
				CLANG_WARN_BLOCK_CAPTURE_AUTORELEASING = YES;
				CLANG_WARN_BOOL_CONVERSION = YES;
				CLANG_WARN_COMMA = YES;
				CLANG_WARN_CONSTANT_CONVERSION = YES;
				CLANG_WARN_DEPRECATED_OBJC_IMPLEMENTATIONS = YES;
				CLANG_WARN_DIRECT_OBJC_ISA_USAGE = YES_ERROR;
				CLANG_WARN_DOCUMENTATION_COMMENTS = YES;
				CLANG_WARN_EMPTY_BODY = YES;
				CLANG_WARN_ENUM_CONVERSION = YES;
				CLANG_WARN_INFINITE_RECURSION = YES;
				CLANG_WARN_INT_CONVERSION = YES;
				CLANG_WARN_NON_LITERAL_NULL_CONVERSION = YES;
				CLANG_WARN_OBJC_IMPLICIT_RETAIN_SELF = YES;
				CLANG_WARN_OBJC_LITERAL_CONVERSION = YES;
				CLANG_WARN_OBJC_ROOT_CLASS = YES_ERROR;
				CLANG_WARN_RANGE_LOOP_ANALYSIS = YES;
				CLANG_WARN_STRICT_PROTOTYPES = YES;
				CLANG_WARN_SUSPICIOUS_MOVE = YES;
				CLANG_WARN_UNGUARDED_AVAILABILITY = YES_AGGRESSIVE;
				CLANG_WARN_UNREACHABLE_CODE = YES;
				CLANG_WARN__DUPLICATE_METHOD_MATCH = YES;
				COPY_PHASE_STRIP = NO;
				DEBUG_INFORMATION_FORMAT = dwarf;
				ENABLE_STRICT_OBJC_MSGSEND = YES;
				ENABLE_TESTABILITY = YES;
				GCC_C_LANGUAGE_STANDARD = gnu11;
				GCC_DYNAMIC_NO_PIC = NO;
				GCC_NO_COMMON_BLOCKS = YES;
				GCC_OPTIMIZATION_LEVEL = 0;
				GCC_PREPROCESSOR_DEFINITIONS = (
					"DEBUG=1",
					"$(inherited)",
				);
				GCC_WARN_64_TO_32_BIT_CONVERSION = YES;
				GCC_WARN_ABOUT_RETURN_TYPE = YES_ERROR;
				GCC_WARN_UNDECLARED_SELECTOR = YES;
				GCC_WARN_UNINITIALIZED_AUTOS = YES_AGGRESSIVE;
				GCC_WARN_UNUSED_FUNCTION = YES;
				GCC_WARN_UNUSED_VARIABLE = YES;
				IPHONEOS_DEPLOYMENT_TARGET = 13.4;
				MTL_ENABLE_DEBUG_INFO = INCLUDE_SOURCE;
				MTL_FAST_MATH = YES;
				ONLY_ACTIVE_ARCH = YES;
				SDKROOT = iphoneos;
				SWIFT_ACTIVE_COMPILATION_CONDITIONS = DEBUG;
				SWIFT_OPTIMIZATION_LEVEL = "-Onone";
			};
			name = Debug;
		};
		35C4BF2D247605890041764E /* Release */ = {
			isa = XCBuildConfiguration;
			buildSettings = {
				ALWAYS_SEARCH_USER_PATHS = NO;
				CLANG_ANALYZER_NONNULL = YES;
				CLANG_ANALYZER_NUMBER_OBJECT_CONVERSION = YES_AGGRESSIVE;
				CLANG_CXX_LANGUAGE_STANDARD = "gnu++14";
				CLANG_CXX_LIBRARY = "libc++";
				CLANG_ENABLE_MODULES = YES;
				CLANG_ENABLE_OBJC_ARC = YES;
				CLANG_ENABLE_OBJC_WEAK = YES;
				CLANG_WARN_BLOCK_CAPTURE_AUTORELEASING = YES;
				CLANG_WARN_BOOL_CONVERSION = YES;
				CLANG_WARN_COMMA = YES;
				CLANG_WARN_CONSTANT_CONVERSION = YES;
				CLANG_WARN_DEPRECATED_OBJC_IMPLEMENTATIONS = YES;
				CLANG_WARN_DIRECT_OBJC_ISA_USAGE = YES_ERROR;
				CLANG_WARN_DOCUMENTATION_COMMENTS = YES;
				CLANG_WARN_EMPTY_BODY = YES;
				CLANG_WARN_ENUM_CONVERSION = YES;
				CLANG_WARN_INFINITE_RECURSION = YES;
				CLANG_WARN_INT_CONVERSION = YES;
				CLANG_WARN_NON_LITERAL_NULL_CONVERSION = YES;
				CLANG_WARN_OBJC_IMPLICIT_RETAIN_SELF = YES;
				CLANG_WARN_OBJC_LITERAL_CONVERSION = YES;
				CLANG_WARN_OBJC_ROOT_CLASS = YES_ERROR;
				CLANG_WARN_RANGE_LOOP_ANALYSIS = YES;
				CLANG_WARN_STRICT_PROTOTYPES = YES;
				CLANG_WARN_SUSPICIOUS_MOVE = YES;
				CLANG_WARN_UNGUARDED_AVAILABILITY = YES_AGGRESSIVE;
				CLANG_WARN_UNREACHABLE_CODE = YES;
				CLANG_WARN__DUPLICATE_METHOD_MATCH = YES;
				COPY_PHASE_STRIP = NO;
				DEBUG_INFORMATION_FORMAT = "dwarf-with-dsym";
				ENABLE_NS_ASSERTIONS = NO;
				ENABLE_STRICT_OBJC_MSGSEND = YES;
				GCC_C_LANGUAGE_STANDARD = gnu11;
				GCC_NO_COMMON_BLOCKS = YES;
				GCC_WARN_64_TO_32_BIT_CONVERSION = YES;
				GCC_WARN_ABOUT_RETURN_TYPE = YES_ERROR;
				GCC_WARN_UNDECLARED_SELECTOR = YES;
				GCC_WARN_UNINITIALIZED_AUTOS = YES_AGGRESSIVE;
				GCC_WARN_UNUSED_FUNCTION = YES;
				GCC_WARN_UNUSED_VARIABLE = YES;
				IPHONEOS_DEPLOYMENT_TARGET = 13.4;
				MTL_ENABLE_DEBUG_INFO = NO;
				MTL_FAST_MATH = YES;
				SDKROOT = iphoneos;
				SWIFT_COMPILATION_MODE = wholemodule;
				SWIFT_OPTIMIZATION_LEVEL = "-O";
				VALIDATE_PRODUCT = YES;
			};
			name = Release;
		};
		35C4BF2F247605890041764E /* Debug */ = {
			isa = XCBuildConfiguration;
			buildSettings = {
				ASSETCATALOG_COMPILER_APPICON_NAME = AppIcon;
				CODE_SIGN_STYLE = Automatic;
				DEVELOPMENT_TEAM = VWW575E2Q5;
				INFOPLIST_FILE = DogList/Info.plist;
				IPHONEOS_DEPLOYMENT_TARGET = 12.0;
				LD_RUNPATH_SEARCH_PATHS = (
					"$(inherited)",
					"@executable_path/Frameworks",
				);
				PRODUCT_BUNDLE_IDENTIFIER = com.acicartagena.DogList;
				PRODUCT_NAME = "$(TARGET_NAME)";
				SWIFT_VERSION = 5.0;
				TARGETED_DEVICE_FAMILY = "1,2";
			};
			name = Debug;
		};
		35C4BF30247605890041764E /* Release */ = {
			isa = XCBuildConfiguration;
			buildSettings = {
				ASSETCATALOG_COMPILER_APPICON_NAME = AppIcon;
				CODE_SIGN_STYLE = Automatic;
				DEVELOPMENT_TEAM = VWW575E2Q5;
				INFOPLIST_FILE = DogList/Info.plist;
				IPHONEOS_DEPLOYMENT_TARGET = 12.0;
				LD_RUNPATH_SEARCH_PATHS = (
					"$(inherited)",
					"@executable_path/Frameworks",
				);
				PRODUCT_BUNDLE_IDENTIFIER = com.acicartagena.DogList;
				PRODUCT_NAME = "$(TARGET_NAME)";
				SWIFT_VERSION = 5.0;
				TARGETED_DEVICE_FAMILY = "1,2";
			};
			name = Release;
		};
		35C4BF32247605890041764E /* Debug */ = {
			isa = XCBuildConfiguration;
			buildSettings = {
				ALWAYS_EMBED_SWIFT_STANDARD_LIBRARIES = YES;
				BUNDLE_LOADER = "$(TEST_HOST)";
				CODE_SIGN_STYLE = Automatic;
				DEVELOPMENT_TEAM = VWW575E2Q5;
				INFOPLIST_FILE = DogListTests/Info.plist;
				IPHONEOS_DEPLOYMENT_TARGET = 13.4;
				LD_RUNPATH_SEARCH_PATHS = (
					"$(inherited)",
					"@executable_path/Frameworks",
					"@loader_path/Frameworks",
				);
				PRODUCT_BUNDLE_IDENTIFIER = com.acicartagena.DogListTests;
				PRODUCT_NAME = "$(TARGET_NAME)";
				SWIFT_VERSION = 5.0;
				TARGETED_DEVICE_FAMILY = "1,2";
				TEST_HOST = "$(BUILT_PRODUCTS_DIR)/DogList.app/DogList";
			};
			name = Debug;
		};
		35C4BF33247605890041764E /* Release */ = {
			isa = XCBuildConfiguration;
			buildSettings = {
				ALWAYS_EMBED_SWIFT_STANDARD_LIBRARIES = YES;
				BUNDLE_LOADER = "$(TEST_HOST)";
				CODE_SIGN_STYLE = Automatic;
				DEVELOPMENT_TEAM = VWW575E2Q5;
				INFOPLIST_FILE = DogListTests/Info.plist;
				IPHONEOS_DEPLOYMENT_TARGET = 13.4;
				LD_RUNPATH_SEARCH_PATHS = (
					"$(inherited)",
					"@executable_path/Frameworks",
					"@loader_path/Frameworks",
				);
				PRODUCT_BUNDLE_IDENTIFIER = com.acicartagena.DogListTests;
				PRODUCT_NAME = "$(TARGET_NAME)";
				SWIFT_VERSION = 5.0;
				TARGETED_DEVICE_FAMILY = "1,2";
				TEST_HOST = "$(BUILT_PRODUCTS_DIR)/DogList.app/DogList";
			};
			name = Release;
		};
/* End XCBuildConfiguration section */

/* Begin XCConfigurationList section */
		35C4BF0A247605880041764E /* Build configuration list for PBXProject "DogList" */ = {
			isa = XCConfigurationList;
			buildConfigurations = (
				35C4BF2C247605890041764E /* Debug */,
				35C4BF2D247605890041764E /* Release */,
			);
			defaultConfigurationIsVisible = 0;
			defaultConfigurationName = Release;
		};
		35C4BF2E247605890041764E /* Build configuration list for PBXNativeTarget "DogList" */ = {
			isa = XCConfigurationList;
			buildConfigurations = (
				35C4BF2F247605890041764E /* Debug */,
				35C4BF30247605890041764E /* Release */,
			);
			defaultConfigurationIsVisible = 0;
			defaultConfigurationName = Release;
		};
		35C4BF31247605890041764E /* Build configuration list for PBXNativeTarget "DogListTests" */ = {
			isa = XCConfigurationList;
			buildConfigurations = (
				35C4BF32247605890041764E /* Debug */,
				35C4BF33247605890041764E /* Release */,
			);
			defaultConfigurationIsVisible = 0;
			defaultConfigurationName = Release;
		};
/* End XCConfigurationList section */

/* Begin XCRemoteSwiftPackageReference section */
		3573BF7F24769B2400F20A30 /* XCRemoteSwiftPackageReference "BrightFutures" */ = {
			isa = XCRemoteSwiftPackageReference;
			repositoryURL = "https://github.com/Thomvis/BrightFutures";
			requirement = {
				kind = upToNextMajorVersion;
				minimumVersion = 8.0.1;
			};
		};
		35C4BF3424760E480041764E /* XCRemoteSwiftPackageReference "Kingfisher" */ = {
			isa = XCRemoteSwiftPackageReference;
			repositoryURL = "https://github.com/onevcat/Kingfisher.git";
			requirement = {
				kind = upToNextMajorVersion;
				minimumVersion = 5.14.0;
			};
		};
		35C4BF3724760ED30041764E /* XCRemoteSwiftPackageReference "SnapKit" */ = {
			isa = XCRemoteSwiftPackageReference;
			repositoryURL = "https://github.com/SnapKit/SnapKit.git";
			requirement = {
				kind = upToNextMajorVersion;
				minimumVersion = 5.0.1;
			};
		};
/* End XCRemoteSwiftPackageReference section */

/* Begin XCSwiftPackageProductDependency section */
		3573BF8024769B2400F20A30 /* BrightFutures */ = {
			isa = XCSwiftPackageProductDependency;
			package = 3573BF7F24769B2400F20A30 /* XCRemoteSwiftPackageReference "BrightFutures" */;
			productName = BrightFutures;
		};
		35C4BF3524760E480041764E /* Kingfisher */ = {
			isa = XCSwiftPackageProductDependency;
			package = 35C4BF3424760E480041764E /* XCRemoteSwiftPackageReference "Kingfisher" */;
			productName = Kingfisher;
		};
		35C4BF3824760ED30041764E /* SnapKit */ = {
			isa = XCSwiftPackageProductDependency;
			package = 35C4BF3724760ED30041764E /* XCRemoteSwiftPackageReference "SnapKit" */;
			productName = SnapKit;
		};
/* End XCSwiftPackageProductDependency section */
	};
	rootObject = 35C4BF07247605880041764E /* Project object */;
}
